<?xml version="1.0" encoding="utf-8"?>
<Project ToolsVersion="4.0" xmlns="http://schemas.microsoft.com/developer/msbuild/2003">
  <ItemGroup>
    <Filter Include="Forms">
      <UniqueIdentifier>{b0de330b-e73e-4b2a-ac6a-809382cb1850}</UniqueIdentifier>
    </Filter>
    <Filter Include="Resources">
      <UniqueIdentifier>{48dd9427-f026-4c9b-bce8-8872d213062a}</UniqueIdentifier>
    </Filter>
    <Filter Include="Sources">
      <UniqueIdentifier>{469a5943-bcc4-4787-ba46-ad2f25a50be7}</UniqueIdentifier>
    </Filter>
    <Filter Include="Headers">
      <UniqueIdentifier>{12d06232-03b1-4032-a713-d4db2d9e265a}</UniqueIdentifier>
    </Filter>
    <Filter Include="Generated Files">
      <UniqueIdentifier>{71ED8ED8-ACB9-4CE9-BBE1-E00B30144E11}</UniqueIdentifier>
      <Extensions>moc;h;cpp</Extensions>
      <ParseFiles>true</ParseFiles>
    </Filter>
    <Filter Include="Generated Files\Debug">
      <UniqueIdentifier>{6335597d-bc06-4626-a24b-d40fd31f79e7}</UniqueIdentifier>
      <Extensions>cpp;moc</Extensions>
      <SourceControlFiles>False</SourceControlFiles>
    </Filter>
    <Filter Include="Generated Files\Release">
      <UniqueIdentifier>{97c6f6c0-99c6-4052-9b25-882806df12fc}</UniqueIdentifier>
      <Extensions>cpp;moc</Extensions>
      <SourceControlFiles>False</SourceControlFiles>
    </Filter>
    <Filter Include="Header Files">
      <UniqueIdentifier>{93995380-89BD-4b04-88EB-625FBE52EBFB}</UniqueIdentifier>
      <Extensions>h</Extensions>
      <ParseFiles>true</ParseFiles>
    </Filter>
  </ItemGroup>
  <ItemGroup>
    <ClCompile Include="main.cpp">
      <Filter>Sources</Filter>
    </ClCompile>
    <ClCompile Include="MainWindow.cpp">
      <Filter>Sources</Filter>
    </ClCompile>
    <ClCompile Include="RenderWindow.cpp">
      <Filter>Sources</Filter>
    </ClCompile>
    <ClCompile Include="CustomOpenGLWidget.cpp">
      <Filter>Sources</Filter>
    </ClCompile>
    <ClCompile Include="ShaderManager.cpp">
      <Filter>Generated Files</Filter>
    </ClCompile>
    <ClCompile Include="GLShader.cpp">
      <Filter>Generated Files</Filter>
    </ClCompile>
    <ClCompile Include="CubeModel.cpp">
      <Filter>Generated Files</Filter>
    </ClCompile>
    <ClCompile Include="Model.cpp">
      <Filter>Generated Files</Filter>
    </ClCompile>
    <ClCompile Include="GeneratedFiles\Debug\moc_MainWindow.cpp">
      <Filter>Generated Files\Debug</Filter>
    </ClCompile>
    <ClCompile Include="GeneratedFiles\Release\moc_MainWindow.cpp">
      <Filter>Generated Files\Release</Filter>
    </ClCompile>
    <ClCompile Include="GeneratedFiles\Debug\moc_CustomOpenGLWidget.cpp">
      <Filter>Generated Files\Debug</Filter>
    </ClCompile>
    <ClCompile Include="GeneratedFiles\Release\moc_CustomOpenGLWidget.cpp">
      <Filter>Generated Files\Release</Filter>
    </ClCompile>
    <ClCompile Include="GeneratedFiles\Debug\moc_RenderWindow.cpp">
      <Filter>Generated Files\Debug</Filter>
    </ClCompile>
    <ClCompile Include="GeneratedFiles\Release\moc_RenderWindow.cpp">
      <Filter>Generated Files\Release</Filter>
    </ClCompile>
  </ItemGroup>
  <ItemGroup>
    <CustomBuild Include="MainWindow.ui">
      <Filter>Forms</Filter>
    </CustomBuild>
    <CustomBuild Include="MainWindow.h">
      <Filter>Headers</Filter>
    </CustomBuild>
    <CustomBuild Include="RenderWindow.ui">
      <Filter>Forms</Filter>
    </CustomBuild>
    <CustomBuild Include="RenderWindow.h">
      <Filter>Headers</Filter>
    </CustomBuild>
    <CustomBuild Include="CustomOpenGLWidget.h">
      <Filter>Headers</Filter>
    </CustomBuild>
  </ItemGroup>
  <ItemGroup>
    <ClInclude Include="ShaderManager.hpp">
      <Filter>Header Files</Filter>
    </ClInclude>
    <ClInclude Include="GLShader.hpp">
      <Filter>Header Files</Filter>
    </ClInclude>
    <ClInclude Include="CubeModel.hpp">
      <Filter>Header Files</Filter>
    </ClInclude>
    <ClInclude Include="Model.hpp">
      <Filter>Header Files</Filter>
    </ClInclude>
    <ClInclude Include="GeneratedFiles\ui_MainWindow.h">
      <Filter>Generated Files</Filter>
    </ClInclude>
    <ClInclude Include="GeneratedFiles\ui_RenderWindow.h">
      <Filter>Generated Files</Filter>
    </ClInclude>
  </ItemGroup>
</Project>